
Microsoft Visual Studio Solution File, Format Version 12.00
# Visual Studio Version 17
VisualStudioVersion = 17.0.32112.339
MinimumVisualStudioVersion = 10.0.40219.1
Project("{9A19103F-16F7-4668-BE54-9A1E7A4F7556}") = "DataLinq.Code", "web\Datalinq.Code\DataLinq.Code.csproj", "{F2941C01-69E0-4BBB-B09A-CEC53B6F72EE}"
EndProject
Project("{2150E333-8FDC-42A3-9474-1A3956D46DE8}") = "web", "web", "{34F6A477-2E9B-4379-8739-7B4E875F39AE}"
EndProject
Project("{9A19103F-16F7-4668-BE54-9A1E7A4F7556}") = "E.DataLinq.Core", "nuget\E.Datalinq.Core\E.DataLinq.Core.csproj", "{C656F66B-7ACE-4FFE-A075-99F84CB71301}"
EndProject
Project("{9A19103F-16F7-4668-BE54-9A1E7A4F7556}") = "E.DataLinq.Web", "nuget\E.Datalinq.Web\E.DataLinq.Web.csproj", "{6F57EB18-922E-4927-88C7-DEB218BC0D88}"
EndProject
Project("{9A19103F-16F7-4668-BE54-9A1E7A4F7556}") = "E.DataLinq.Engine.Postgres", "nuget\E.DataLinq.Engine.Postgres\E.DataLinq.Engine.Postgres.csproj", "{03A5FA55-9888-423D-BCB1-BA3FBEB6598B}"
EndProject
Project("{9A19103F-16F7-4668-BE54-9A1E7A4F7556}") = "E.DataLinq.Code", "nuget\E.DataLinq.Code\E.DataLinq.Code.csproj", "{D3987AA0-C284-421B-ADD1-91045AFC5DCA}"
EndProject
Project("{9A19103F-16F7-4668-BE54-9A1E7A4F7556}") = "E.DataLinq.Web.Api.Client", "nuget\E.DataLinq.Web.Api.Client\E.DataLinq.Web.Api.Client.csproj", "{99A7F956-5FF5-4134-85C1-EBD23E98E14A}"
EndProject
Project("{9A19103F-16F7-4668-BE54-9A1E7A4F7556}") = "E.DataLinq.Engine.SqlServer-legacy", "nuget\E.DataLinq.Engine.SqlServer\E.DataLinq.Engine.SqlServer-legacy.csproj", "{7D6ABDAF-58B1-4C0C-8BDF-FBD289E4ECCB}"
EndProject
Project("{9A19103F-16F7-4668-BE54-9A1E7A4F7556}") = "E.DataLinq.Engine.SQLite", "nuget\E.DataLinq.Engine.SQLite\E.DataLinq.Engine.SQLite.csproj", "{110D12E4-304D-4E50-8B7A-2610613756F5}"
EndProject
Project("{9A19103F-16F7-4668-BE54-9A1E7A4F7556}") = "E.DataLinq.Engine.OracleClient", "nuget\E.DataLinq.Engine.OracleClient\E.DataLinq.Engine.OracleClient.csproj", "{DA8F3A59-EEEE-46F5-8576-750369B150CA}"
EndProject
Project("{FAE04EC0-301F-11D3-BF4B-00C04F79EFBC}") = "E.DataLinq.Engine.MsSqlServer", "nuget\E.DataLinq.Engine.MsSqlServer\E.DataLinq.Engine.MsSqlServer.csproj", "{B03AD5FE-EC3A-43FB-8896-4751CCFA069F}"
EndProject
Project("{FAE04EC0-301F-11D3-BF4B-00C04F79EFBC}") = "DataLinq.Test", "test\DataLinq.Test\DataLinq.Test.csproj", "{3D6BA5BC-95B7-9979-6346-0B5908AFC009}"
EndProject
Project("{FAE04EC0-301F-11D3-BF4B-00C04F79EFBC}") = "DataLinq.AppHost", "aspire\DataLinq.AppHost\DataLinq.AppHost.csproj", "{BF632E80-9B1A-8A08-81B7-51A365E225F3}"
EndProject
Project("{FAE04EC0-301F-11D3-BF4B-00C04F79EFBC}") = "DataLinq.ServiceDefaults", "aspire\DataLinq.ServiceDefaults\DataLinq.ServiceDefaults.csproj", "{04844384-8029-26B1-5D01-11D8033C720F}"
EndProject
Project("{2150E333-8FDC-42A3-9474-1A3956D46DE8}") = "aspire", "aspire", "{02EA681E-C7D8-13C7-8484-4AC65E1B71E8}"
EndProject
Project("{2150E333-8FDC-42A3-9474-1A3956D46DE8}") = "tests", "tests", "{92FED680-BCFD-462E-AEBF-FE364BA5018A}"
EndProject
Project("{FAE04EC0-301F-11D3-BF4B-00C04F79EFBC}") = "E.DataLinq.LanguageEngine.Razor", "nuget\E.DataLinq.LanguageEngine.Razor\E.DataLinq.LanguageEngine.Razor.csproj", "{DCA49A7C-6C29-4EF3-B753-139366ECF76F}"
EndProject
Project("{2150E333-8FDC-42A3-9474-1A3956D46DE8}") = "nuget", "nuget", "{6538CB42-167A-4DFE-BEF3-C33C15C105D5}"
EndProject
Project("{FAE04EC0-301F-11D3-BF4B-00C04F79EFBC}") = "DataLinq.Api", "web\DataLinq.Api\DataLinq.Api.csproj", "{C05F4543-2BD4-1D69-75B8-832F165AFB00}"
EndProject
Global
	GlobalSection(SolutionConfigurationPlatforms) = preSolution
		Debug|Any CPU = Debug|Any CPU
		Release|Any CPU = Release|Any CPU
	EndGlobalSection
	GlobalSection(ProjectConfigurationPlatforms) = postSolution
		{F2941C01-69E0-4BBB-B09A-CEC53B6F72EE}.Debug|Any CPU.ActiveCfg = Debug|Any CPU
		{F2941C01-69E0-4BBB-B09A-CEC53B6F72EE}.Debug|Any CPU.Build.0 = Debug|Any CPU
		{F2941C01-69E0-4BBB-B09A-CEC53B6F72EE}.Release|Any CPU.ActiveCfg = Release|Any CPU
		{F2941C01-69E0-4BBB-B09A-CEC53B6F72EE}.Release|Any CPU.Build.0 = Release|Any CPU
		{C656F66B-7ACE-4FFE-A075-99F84CB71301}.Debug|Any CPU.ActiveCfg = Debug|Any CPU
		{C656F66B-7ACE-4FFE-A075-99F84CB71301}.Debug|Any CPU.Build.0 = Debug|Any CPU
		{C656F66B-7ACE-4FFE-A075-99F84CB71301}.Release|Any CPU.ActiveCfg = Release|Any CPU
		{C656F66B-7ACE-4FFE-A075-99F84CB71301}.Release|Any CPU.Build.0 = Release|Any CPU
		{6F57EB18-922E-4927-88C7-DEB218BC0D88}.Debug|Any CPU.ActiveCfg = Debug|Any CPU
		{6F57EB18-922E-4927-88C7-DEB218BC0D88}.Debug|Any CPU.Build.0 = Debug|Any CPU
		{6F57EB18-922E-4927-88C7-DEB218BC0D88}.Release|Any CPU.ActiveCfg = Release|Any CPU
		{6F57EB18-922E-4927-88C7-DEB218BC0D88}.Release|Any CPU.Build.0 = Release|Any CPU
		{03A5FA55-9888-423D-BCB1-BA3FBEB6598B}.Debug|Any CPU.ActiveCfg = Debug|Any CPU
		{03A5FA55-9888-423D-BCB1-BA3FBEB6598B}.Debug|Any CPU.Build.0 = Debug|Any CPU
		{03A5FA55-9888-423D-BCB1-BA3FBEB6598B}.Release|Any CPU.ActiveCfg = Release|Any CPU
		{03A5FA55-9888-423D-BCB1-BA3FBEB6598B}.Release|Any CPU.Build.0 = Release|Any CPU
		{D3987AA0-C284-421B-ADD1-91045AFC5DCA}.Debug|Any CPU.ActiveCfg = Debug|Any CPU
		{D3987AA0-C284-421B-ADD1-91045AFC5DCA}.Debug|Any CPU.Build.0 = Debug|Any CPU
		{D3987AA0-C284-421B-ADD1-91045AFC5DCA}.Release|Any CPU.ActiveCfg = Release|Any CPU
		{D3987AA0-C284-421B-ADD1-91045AFC5DCA}.Release|Any CPU.Build.0 = Release|Any CPU
		{99A7F956-5FF5-4134-85C1-EBD23E98E14A}.Debug|Any CPU.ActiveCfg = Debug|Any CPU
		{99A7F956-5FF5-4134-85C1-EBD23E98E14A}.Debug|Any CPU.Build.0 = Debug|Any CPU
		{99A7F956-5FF5-4134-85C1-EBD23E98E14A}.Release|Any CPU.ActiveCfg = Release|Any CPU
		{99A7F956-5FF5-4134-85C1-EBD23E98E14A}.Release|Any CPU.Build.0 = Release|Any CPU
		{7D6ABDAF-58B1-4C0C-8BDF-FBD289E4ECCB}.Debug|Any CPU.ActiveCfg = Debug|Any CPU
		{7D6ABDAF-58B1-4C0C-8BDF-FBD289E4ECCB}.Debug|Any CPU.Build.0 = Debug|Any CPU
		{7D6ABDAF-58B1-4C0C-8BDF-FBD289E4ECCB}.Release|Any CPU.ActiveCfg = Release|Any CPU
		{7D6ABDAF-58B1-4C0C-8BDF-FBD289E4ECCB}.Release|Any CPU.Build.0 = Release|Any CPU
		{110D12E4-304D-4E50-8B7A-2610613756F5}.Debug|Any CPU.ActiveCfg = Debug|Any CPU
		{110D12E4-304D-4E50-8B7A-2610613756F5}.Debug|Any CPU.Build.0 = Debug|Any CPU
		{110D12E4-304D-4E50-8B7A-2610613756F5}.Release|Any CPU.ActiveCfg = Release|Any CPU
		{110D12E4-304D-4E50-8B7A-2610613756F5}.Release|Any CPU.Build.0 = Release|Any CPU
		{DA8F3A59-EEEE-46F5-8576-750369B150CA}.Debug|Any CPU.ActiveCfg = Debug|Any CPU
		{DA8F3A59-EEEE-46F5-8576-750369B150CA}.Debug|Any CPU.Build.0 = Debug|Any CPU
		{DA8F3A59-EEEE-46F5-8576-750369B150CA}.Release|Any CPU.ActiveCfg = Release|Any CPU
		{DA8F3A59-EEEE-46F5-8576-750369B150CA}.Release|Any CPU.Build.0 = Release|Any CPU
		{B03AD5FE-EC3A-43FB-8896-4751CCFA069F}.Debug|Any CPU.ActiveCfg = Debug|Any CPU
		{B03AD5FE-EC3A-43FB-8896-4751CCFA069F}.Debug|Any CPU.Build.0 = Debug|Any CPU
		{B03AD5FE-EC3A-43FB-8896-4751CCFA069F}.Release|Any CPU.ActiveCfg = Release|Any CPU
		{B03AD5FE-EC3A-43FB-8896-4751CCFA069F}.Release|Any CPU.Build.0 = Release|Any CPU
		{3D6BA5BC-95B7-9979-6346-0B5908AFC009}.Debug|Any CPU.ActiveCfg = Debug|Any CPU
		{3D6BA5BC-95B7-9979-6346-0B5908AFC009}.Debug|Any CPU.Build.0 = Debug|Any CPU
		{3D6BA5BC-95B7-9979-6346-0B5908AFC009}.Release|Any CPU.ActiveCfg = Release|Any CPU
		{3D6BA5BC-95B7-9979-6346-0B5908AFC009}.Release|Any CPU.Build.0 = Release|Any CPU
		{BF632E80-9B1A-8A08-81B7-51A365E225F3}.Debug|Any CPU.ActiveCfg = Debug|Any CPU
		{BF632E80-9B1A-8A08-81B7-51A365E225F3}.Debug|Any CPU.Build.0 = Debug|Any CPU
		{BF632E80-9B1A-8A08-81B7-51A365E225F3}.Release|Any CPU.ActiveCfg = Release|Any CPU
		{BF632E80-9B1A-8A08-81B7-51A365E225F3}.Release|Any CPU.Build.0 = Release|Any CPU
		{04844384-8029-26B1-5D01-11D8033C720F}.Debug|Any CPU.ActiveCfg = Debug|Any CPU
		{04844384-8029-26B1-5D01-11D8033C720F}.Debug|Any CPU.Build.0 = Debug|Any CPU
		{04844384-8029-26B1-5D01-11D8033C720F}.Release|Any CPU.ActiveCfg = Release|Any CPU
		{04844384-8029-26B1-5D01-11D8033C720F}.Release|Any CPU.Build.0 = Release|Any CPU
		{DCA49A7C-6C29-4EF3-B753-139366ECF76F}.Debug|Any CPU.ActiveCfg = Debug|Any CPU
		{DCA49A7C-6C29-4EF3-B753-139366ECF76F}.Debug|Any CPU.Build.0 = Debug|Any CPU
		{DCA49A7C-6C29-4EF3-B753-139366ECF76F}.Release|Any CPU.ActiveCfg = Release|Any CPU
		{DCA49A7C-6C29-4EF3-B753-139366ECF76F}.Release|Any CPU.Build.0 = Release|Any CPU
		{C05F4543-2BD4-1D69-75B8-832F165AFB00}.Debug|Any CPU.ActiveCfg = Debug|Any CPU
		{C05F4543-2BD4-1D69-75B8-832F165AFB00}.Debug|Any CPU.Build.0 = Debug|Any CPU
		{C05F4543-2BD4-1D69-75B8-832F165AFB00}.Release|Any CPU.ActiveCfg = Release|Any CPU
		{C05F4543-2BD4-1D69-75B8-832F165AFB00}.Release|Any CPU.Build.0 = Release|Any CPU
	EndGlobalSection
	GlobalSection(SolutionProperties) = preSolution
		HideSolutionNode = FALSE
	EndGlobalSection
	GlobalSection(NestedProjects) = preSolution
		{F2941C01-69E0-4BBB-B09A-CEC53B6F72EE} = {34F6A477-2E9B-4379-8739-7B4E875F39AE}
		{C656F66B-7ACE-4FFE-A075-99F84CB71301} = {6538CB42-167A-4DFE-BEF3-C33C15C105D5}
		{6F57EB18-922E-4927-88C7-DEB218BC0D88} = {6538CB42-167A-4DFE-BEF3-C33C15C105D5}
		{03A5FA55-9888-423D-BCB1-BA3FBEB6598B} = {6538CB42-167A-4DFE-BEF3-C33C15C105D5}
		{D3987AA0-C284-421B-ADD1-91045AFC5DCA} = {6538CB42-167A-4DFE-BEF3-C33C15C105D5}
		{99A7F956-5FF5-4134-85C1-EBD23E98E14A} = {6538CB42-167A-4DFE-BEF3-C33C15C105D5}
		{7D6ABDAF-58B1-4C0C-8BDF-FBD289E4ECCB} = {6538CB42-167A-4DFE-BEF3-C33C15C105D5}
		{110D12E4-304D-4E50-8B7A-2610613756F5} = {6538CB42-167A-4DFE-BEF3-C33C15C105D5}
		{DA8F3A59-EEEE-46F5-8576-750369B150CA} = {6538CB42-167A-4DFE-BEF3-C33C15C105D5}
		{B03AD5FE-EC3A-43FB-8896-4751CCFA069F} = {6538CB42-167A-4DFE-BEF3-C33C15C105D5}
		{3D6BA5BC-95B7-9979-6346-0B5908AFC009} = {92FED680-BCFD-462E-AEBF-FE364BA5018A}
		{BF632E80-9B1A-8A08-81B7-51A365E225F3} = {02EA681E-C7D8-13C7-8484-4AC65E1B71E8}
		{04844384-8029-26B1-5D01-11D8033C720F} = {02EA681E-C7D8-13C7-8484-4AC65E1B71E8}
		{DCA49A7C-6C29-4EF3-B753-139366ECF76F} = {6538CB42-167A-4DFE-BEF3-C33C15C105D5}
		{C05F4543-2BD4-1D69-75B8-832F165AFB00} = {34F6A477-2E9B-4379-8739-7B4E875F39AE}
	EndGlobalSection
	GlobalSection(ExtensibilityGlobals) = postSolution
		SolutionGuid = {10A70DB9-274E-4C74-8725-3CAC3A657451}
	EndGlobalSection
EndGlobal
